// !$*UTF8*$!
{
	archiveVersion = 1;
	classes = {
	};
	objectVersion = 50;
	objects = {

/* Begin PBXBuildFile section */
		D5445BC421BEE16300EDA9C3 /* AppDelegate.swift in Sources */ = {isa = PBXBuildFile; fileRef = D5445BC321BEE16300EDA9C3 /* AppDelegate.swift */; };
		D5445BC621BEE16300EDA9C3 /* UFCFighterViewController.swift in Sources */ = {isa = PBXBuildFile; fileRef = D5445BC521BEE16300EDA9C3 /* UFCFighterViewController.swift */; };
		D5445BC921BEE16300EDA9C3 /* Main.storyboard in Resources */ = {isa = PBXBuildFile; fileRef = D5445BC721BEE16300EDA9C3 /* Main.storyboard */; };
		D5445BCB21BEE16400EDA9C3 /* Assets.xcassets in Resources */ = {isa = PBXBuildFile; fileRef = D5445BCA21BEE16400EDA9C3 /* Assets.xcassets */; };
		D5445BCE21BEE16400EDA9C3 /* LaunchScreen.storyboard in Resources */ = {isa = PBXBuildFile; fileRef = D5445BCC21BEE16400EDA9C3 /* LaunchScreen.storyboard */; };
		D5445BD621BEE2DC00EDA9C3 /* UFCFighter.swift in Sources */ = {isa = PBXBuildFile; fileRef = D5445BD521BEE2DC00EDA9C3 /* UFCFighter.swift */; };
		D5445BD821BEE42800EDA9C3 /* UFCFighterClient.swift in Sources */ = {isa = PBXBuildFile; fileRef = D5445BD721BEE42800EDA9C3 /* UFCFighterClient.swift */; };
		D57C239321C4318800A5CC68 /* UFCNewsViewController.swift in Sources */ = {isa = PBXBuildFile; fileRef = D57C239221C4318800A5CC68 /* UFCNewsViewController.swift */; };
		D57C239521C431C000A5CC68 /* UFCNews.swift in Sources */ = {isa = PBXBuildFile; fileRef = D57C239421C431C000A5CC68 /* UFCNews.swift */; };
		D57C23A121C46AED00A5CC68 /* NewsCell.swift in Sources */ = {isa = PBXBuildFile; fileRef = D57C23A021C46AED00A5CC68 /* NewsCell.swift */; };
		D57C23A321C5CD2C00A5CC68 /* DateClient.swift in Sources */ = {isa = PBXBuildFile; fileRef = D57C23A221C5CD2C00A5CC68 /* DateClient.swift */; };
		D57C23A521C718C700A5CC68 /* UFCFighterNewsViewController.swift in Sources */ = {isa = PBXBuildFile; fileRef = D57C23A421C718C700A5CC68 /* UFCFighterNewsViewController.swift */; };
		D5EDA70E21C1A13A00B5F963 /* UFCFighterDetail.swift in Sources */ = {isa = PBXBuildFile; fileRef = D5EDA70D21C1A13A00B5F963 /* UFCFighterDetail.swift */; };
		D5EDA71021C1AA1A00B5F963 /* UFCEvent.swift in Sources */ = {isa = PBXBuildFile; fileRef = D5EDA70F21C1AA1A00B5F963 /* UFCEvent.swift */; };
		D5EDA71621C1AE6F00B5F963 /* UFCEventViewController.swift in Sources */ = {isa = PBXBuildFile; fileRef = D5EDA71521C1AE6F00B5F963 /* UFCEventViewController.swift */; };
/* End PBXBuildFile section */

/* Begin PBXFileReference section */
		D5445BC021BEE16300EDA9C3 /* UFC-Fighter-Practice.app */ = {isa = PBXFileReference; explicitFileType = wrapper.application; includeInIndex = 0; path = "UFC-Fighter-Practice.app"; sourceTree = BUILT_PRODUCTS_DIR; };
		D5445BC321BEE16300EDA9C3 /* AppDelegate.swift */ = {isa = PBXFileReference; lastKnownFileType = sourcecode.swift; path = AppDelegate.swift; sourceTree = "<group>"; };
		D5445BC521BEE16300EDA9C3 /* UFCFighterViewController.swift */ = {isa = PBXFileReference; lastKnownFileType = sourcecode.swift; path = UFCFighterViewController.swift; sourceTree = "<group>"; };
		D5445BC821BEE16300EDA9C3 /* Base */ = {isa = PBXFileReference; lastKnownFileType = file.storyboard; name = Base; path = Base.lproj/Main.storyboard; sourceTree = "<group>"; };
		D5445BCA21BEE16400EDA9C3 /* Assets.xcassets */ = {isa = PBXFileReference; lastKnownFileType = folder.assetcatalog; path = Assets.xcassets; sourceTree = "<group>"; };
		D5445BCD21BEE16400EDA9C3 /* Base */ = {isa = PBXFileReference; lastKnownFileType = file.storyboard; name = Base; path = Base.lproj/LaunchScreen.storyboard; sourceTree = "<group>"; };
		D5445BCF21BEE16500EDA9C3 /* Info.plist */ = {isa = PBXFileReference; lastKnownFileType = text.plist.xml; path = Info.plist; sourceTree = "<group>"; };
		D5445BD521BEE2DC00EDA9C3 /* UFCFighter.swift */ = {isa = PBXFileReference; lastKnownFileType = sourcecode.swift; path = UFCFighter.swift; sourceTree = "<group>"; };
		D5445BD721BEE42800EDA9C3 /* UFCFighterClient.swift */ = {isa = PBXFileReference; lastKnownFileType = sourcecode.swift; path = UFCFighterClient.swift; sourceTree = "<group>"; };
		D57C239221C4318800A5CC68 /* UFCNewsViewController.swift */ = {isa = PBXFileReference; lastKnownFileType = sourcecode.swift; path = UFCNewsViewController.swift; sourceTree = "<group>"; };
		D57C239421C431C000A5CC68 /* UFCNews.swift */ = {isa = PBXFileReference; lastKnownFileType = sourcecode.swift; path = UFCNews.swift; sourceTree = "<group>"; };
		D57C23A021C46AED00A5CC68 /* NewsCell.swift */ = {isa = PBXFileReference; lastKnownFileType = sourcecode.swift; path = NewsCell.swift; sourceTree = "<group>"; };
		D57C23A221C5CD2C00A5CC68 /* DateClient.swift */ = {isa = PBXFileReference; lastKnownFileType = sourcecode.swift; path = DateClient.swift; sourceTree = "<group>"; };
		D57C23A421C718C700A5CC68 /* UFCFighterNewsViewController.swift */ = {isa = PBXFileReference; lastKnownFileType = sourcecode.swift; path = UFCFighterNewsViewController.swift; sourceTree = "<group>"; };
		D5EDA70D21C1A13A00B5F963 /* UFCFighterDetail.swift */ = {isa = PBXFileReference; lastKnownFileType = sourcecode.swift; path = UFCFighterDetail.swift; sourceTree = "<group>"; };
		D5EDA70F21C1AA1A00B5F963 /* UFCEvent.swift */ = {isa = PBXFileReference; lastKnownFileType = sourcecode.swift; path = UFCEvent.swift; sourceTree = "<group>"; };
		D5EDA71521C1AE6F00B5F963 /* UFCEventViewController.swift */ = {isa = PBXFileReference; lastKnownFileType = sourcecode.swift; name = UFCEventViewController.swift; path = "UFC-Fighter-Practice/Controller/UFCEventViewController.swift"; sourceTree = SOURCE_ROOT; };
/* End PBXFileReference section */

/* Begin PBXFrameworksBuildPhase section */
		D5445BBD21BEE16300EDA9C3 /* Frameworks */ = {
			isa = PBXFrameworksBuildPhase;
			buildActionMask = 2147483647;
			files = (
			);
			runOnlyForDeploymentPostprocessing = 0;
		};
/* End PBXFrameworksBuildPhase section */

/* Begin PBXGroup section */
		D5445BB721BEE16300EDA9C3 = {
			isa = PBXGroup;
			children = (
				D5445BC221BEE16300EDA9C3 /* UFC-Fighter-Practice */,
				D5445BC121BEE16300EDA9C3 /* Products */,
			);
			sourceTree = "<group>";
		};
		D5445BC121BEE16300EDA9C3 /* Products */ = {
			isa = PBXGroup;
			children = (
				D5445BC021BEE16300EDA9C3 /* UFC-Fighter-Practice.app */,
			);
			name = Products;
			sourceTree = "<group>";
		};
		D5445BC221BEE16300EDA9C3 /* UFC-Fighter-Practice */ = {
			isa = PBXGroup;
			children = (
				D5EDA71121C1ADC200B5F963 /* Model */,
				D5EDA71421C1AE0C00B5F963 /* Supporting Files */,
				D5EDA71221C1ADF800B5F963 /* Controller */,
				D5EDA71321C1AE0200B5F963 /* View */,
				D5445BCF21BEE16500EDA9C3 /* Info.plist */,
			);
			path = "UFC-Fighter-Practice";
			sourceTree = "<group>";
		};
		D5EDA71121C1ADC200B5F963 /* Model */ = {
			isa = PBXGroup;
			children = (
				D5445BD721BEE42800EDA9C3 /* UFCFighterClient.swift */,
				D57C239421C431C000A5CC68 /* UFCNews.swift */,
				D5445BD521BEE2DC00EDA9C3 /* UFCFighter.swift */,
				D5EDA70F21C1AA1A00B5F963 /* UFCEvent.swift */,
				D57C23A221C5CD2C00A5CC68 /* DateClient.swift */,
			);
			path = Model;
			sourceTree = "<group>";
		};
		D5EDA71221C1ADF800B5F963 /* Controller */ = {
			isa = PBXGroup;
			children = (
				D5445BC521BEE16300EDA9C3 /* UFCFighterViewController.swift */,
				D5EDA71521C1AE6F00B5F963 /* UFCEventViewController.swift */,
				D57C239221C4318800A5CC68 /* UFCNewsViewController.swift */,
				D5EDA70D21C1A13A00B5F963 /* UFCFighterDetail.swift */,
			);
			path = Controller;
			sourceTree = "<group>";
		};
		D5EDA71321C1AE0200B5F963 /* View */ = {
			isa = PBXGroup;
			children = (
				D5445BC721BEE16300EDA9C3 /* Main.storyboard */,
				D57C23A421C718C700A5CC68 /* UFCFighterNewsViewController.swift */,
				D57C23A021C46AED00A5CC68 /* NewsCell.swift */,
			);
			path = View;
			sourceTree = "<group>";
		};
		D5EDA71421C1AE0C00B5F963 /* Supporting Files */ = {
			isa = PBXGroup;
			children = (
				D5445BC321BEE16300EDA9C3 /* AppDelegate.swift */,
				D5445BCA21BEE16400EDA9C3 /* Assets.xcassets */,
				D5445BCC21BEE16400EDA9C3 /* LaunchScreen.storyboard */,
			);
			path = "Supporting Files";
			sourceTree = "<group>";
		};
/* End PBXGroup section */

/* Begin PBXNativeTarget section */
		D5445BBF21BEE16300EDA9C3 /* UFC-Fighter-Practice */ = {
			isa = PBXNativeTarget;
			buildConfigurationList = D5445BD221BEE16500EDA9C3 /* Build configuration list for PBXNativeTarget "UFC-Fighter-Practice" */;
			buildPhases = (
				D5445BBC21BEE16300EDA9C3 /* Sources */,
				D5445BBD21BEE16300EDA9C3 /* Frameworks */,
				D5445BBE21BEE16300EDA9C3 /* Resources */,
			);
			buildRules = (
			);
			dependencies = (
			);
			name = "UFC-Fighter-Practice";
			productName = "UFC-Fighter-Practice";
			productReference = D5445BC021BEE16300EDA9C3 /* UFC-Fighter-Practice.app */;
			productType = "com.apple.product-type.application";
		};
/* End PBXNativeTarget section */

/* Begin PBXProject section */
		D5445BB821BEE16300EDA9C3 /* Project object */ = {
			isa = PBXProject;
			attributes = {
				LastSwiftUpdateCheck = 1010;
				LastUpgradeCheck = 1010;
				ORGANIZATIONNAME = "Leandro Wauters";
				TargetAttributes = {
					D5445BBF21BEE16300EDA9C3 = {
						CreatedOnToolsVersion = 10.1;
					};
				};
			};
			buildConfigurationList = D5445BBB21BEE16300EDA9C3 /* Build configuration list for PBXProject "UFC-Fighter-Practice" */;
			compatibilityVersion = "Xcode 9.3";
			developmentRegion = en;
			hasScannedForEncodings = 0;
			knownRegions = (
				en,
				Base,
			);
			mainGroup = D5445BB721BEE16300EDA9C3;
			productRefGroup = D5445BC121BEE16300EDA9C3 /* Products */;
			projectDirPath = "";
			projectRoot = "";
			targets = (
				D5445BBF21BEE16300EDA9C3 /* UFC-Fighter-Practice */,
			);
		};
/* End PBXProject section */

/* Begin PBXResourcesBuildPhase section */
		D5445BBE21BEE16300EDA9C3 /* Resources */ = {
			isa = PBXResourcesBuildPhase;
			buildActionMask = 2147483647;
			files = (
				D5445BCE21BEE16400EDA9C3 /* LaunchScreen.storyboard in Resources */,
				D5445BCB21BEE16400EDA9C3 /* Assets.xcassets in Resources */,
				D5445BC921BEE16300EDA9C3 /* Main.storyboard in Resources */,
			);
			runOnlyForDeploymentPostprocessing = 0;
		};
/* End PBXResourcesBuildPhase section */

/* Begin PBXSourcesBuildPhase section */
		D5445BBC21BEE16300EDA9C3 /* Sources */ = {
			isa = PBXSourcesBuildPhase;
			buildActionMask = 2147483647;
			files = (
				D57C23A521C718C700A5CC68 /* UFCFighterNewsViewController.swift in Sources */,
				D57C239321C4318800A5CC68 /* UFCNewsViewController.swift in Sources */,
				D57C23A321C5CD2C00A5CC68 /* DateClient.swift in Sources */,
				D57C239521C431C000A5CC68 /* UFCNews.swift in Sources */,
				D5445BD821BEE42800EDA9C3 /* UFCFighterClient.swift in Sources */,
				D5EDA70E21C1A13A00B5F963 /* UFCFighterDetail.swift in Sources */,
				D57C23A121C46AED00A5CC68 /* NewsCell.swift in Sources */,
				D5EDA71621C1AE6F00B5F963 /* UFCEventViewController.swift in Sources */,
				D5445BC621BEE16300EDA9C3 /* UFCFighterViewController.swift in Sources */,
				D5445BD621BEE2DC00EDA9C3 /* UFCFighter.swift in Sources */,
				D5EDA71021C1AA1A00B5F963 /* UFCEvent.swift in Sources */,
				D5445BC421BEE16300EDA9C3 /* AppDelegate.swift in Sources */,
			);
			runOnlyForDeploymentPostprocessing = 0;
		};
/* End PBXSourcesBuildPhase section */

/* Begin PBXVariantGroup section */
		D5445BC721BEE16300EDA9C3 /* Main.storyboard */ = {
			isa = PBXVariantGroup;
			children = (
				D5445BC821BEE16300EDA9C3 /* Base */,
			);
			name = Main.storyboard;
			sourceTree = "<group>";
		};
		D5445BCC21BEE16400EDA9C3 /* LaunchScreen.storyboard */ = {
			isa = PBXVariantGroup;
			children = (
				D5445BCD21BEE16400EDA9C3 /* Base */,
			);
			name = LaunchScreen.storyboard;
			sourceTree = "<group>";
		};
/* End PBXVariantGroup section */

/* Begin XCBuildConfiguration section */
		D5445BD021BEE16500EDA9C3 /* Debug */ = {
			isa = XCBuildConfiguration;
			buildSettings = {
				ALWAYS_SEARCH_USER_PATHS = NO;
				CLANG_ANALYZER_NONNULL = YES;
				CLANG_ANALYZER_NUMBER_OBJECT_CONVERSION = YES_AGGRESSIVE;
				CLANG_CXX_LANGUAGE_STANDARD = "gnu++14";
				CLANG_CXX_LIBRARY = "libc++";
				CLANG_ENABLE_MODULES = YES;
				CLANG_ENABLE_OBJC_ARC = YES;
				CLANG_ENABLE_OBJC_WEAK = YES;
				CLANG_WARN_BLOCK_CAPTURE_AUTORELEASING = YES;
				CLANG_WARN_BOOL_CONVERSION = YES;
				CLANG_WARN_COMMA = YES;
				CLANG_WARN_CONSTANT_CONVERSION = YES;
				CLANG_WARN_DEPRECATED_OBJC_IMPLEMENTATIONS = YES;
				CLANG_WARN_DIRECT_OBJC_ISA_USAGE = YES_ERROR;
				CLANG_WARN_DOCUMENTATION_COMMENTS = YES;
				CLANG_WARN_EMPTY_BODY = YES;
				CLANG_WARN_ENUM_CONVERSION = YES;
				CLANG_WARN_INFINITE_RECURSION = YES;
				CLANG_WARN_INT_CONVERSION = YES;
				CLANG_WARN_NON_LITERAL_NULL_CONVERSION = YES;
				CLANG_WARN_OBJC_IMPLICIT_RETAIN_SELF = YES;
				CLANG_WARN_OBJC_LITERAL_CONVERSION = YES;
				CLANG_WARN_OBJC_ROOT_CLASS = YES_ERROR;
				CLANG_WARN_RANGE_LOOP_ANALYSIS = YES;
				CLANG_WARN_STRICT_PROTOTYPES = YES;
				CLANG_WARN_SUSPICIOUS_MOVE = YES;
				CLANG_WARN_UNGUARDED_AVAILABILITY = YES_AGGRESSIVE;
				CLANG_WARN_UNREACHABLE_CODE = YES;
				CLANG_WARN__DUPLICATE_METHOD_MATCH = YES;
				CODE_SIGN_IDENTITY = "iPhone Developer";
				COPY_PHASE_STRIP = NO;
				DEBUG_INFORMATION_FORMAT = dwarf;
				ENABLE_STRICT_OBJC_MSGSEND = YES;
				ENABLE_TESTABILITY = YES;
				GCC_C_LANGUAGE_STANDARD = gnu11;
				GCC_DYNAMIC_NO_PIC = NO;
				GCC_NO_COMMON_BLOCKS = YES;
				GCC_OPTIMIZATION_LEVEL = 0;
				GCC_PREPROCESSOR_DEFINITIONS = (
					"DEBUG=1",
					"$(inherited)",
				);
				GCC_WARN_64_TO_32_BIT_CONVERSION = YES;
				GCC_WARN_ABOUT_RETURN_TYPE = YES_ERROR;
				GCC_WARN_UNDECLARED_SELECTOR = YES;
				GCC_WARN_UNINITIALIZED_AUTOS = YES_AGGRESSIVE;
				GCC_WARN_UNUSED_FUNCTION = YES;
				GCC_WARN_UNUSED_VARIABLE = YES;
				IPHONEOS_DEPLOYMENT_TARGET = 12.1;
				MTL_ENABLE_DEBUG_INFO = INCLUDE_SOURCE;
				MTL_FAST_MATH = YES;
				ONLY_ACTIVE_ARCH = YES;
				SDKROOT = iphoneos;
				SWIFT_ACTIVE_COMPILATION_CONDITIONS = DEBUG;
				SWIFT_OPTIMIZATION_LEVEL = "-Onone";
			};
			name = Debug;
		};
		D5445BD121BEE16500EDA9C3 /* Release */ = {
			isa = XCBuildConfiguration;
			buildSettings = {
				ALWAYS_SEARCH_USER_PATHS = NO;
				CLANG_ANALYZER_NONNULL = YES;
				CLANG_ANALYZER_NUMBER_OBJECT_CONVERSION = YES_AGGRESSIVE;
				CLANG_CXX_LANGUAGE_STANDARD = "gnu++14";
				CLANG_CXX_LIBRARY = "libc++";
				CLANG_ENABLE_MODULES = YES;
				CLANG_ENABLE_OBJC_ARC = YES;
				CLANG_ENABLE_OBJC_WEAK = YES;
				CLANG_WARN_BLOCK_CAPTURE_AUTORELEASING = YES;
				CLANG_WARN_BOOL_CONVERSION = YES;
				CLANG_WARN_COMMA = YES;
				CLANG_WARN_CONSTANT_CONVERSION = YES;
				CLANG_WARN_DEPRECATED_OBJC_IMPLEMENTATIONS = YES;
				CLANG_WARN_DIRECT_OBJC_ISA_USAGE = YES_ERROR;
				CLANG_WARN_DOCUMENTATION_COMMENTS = YES;
				CLANG_WARN_EMPTY_BODY = YES;
				CLANG_WARN_ENUM_CONVERSION = YES;
				CLANG_WARN_INFINITE_RECURSION = YES;
				CLANG_WARN_INT_CONVERSION = YES;
				CLANG_WARN_NON_LITERAL_NULL_CONVERSION = YES;
				CLANG_WARN_OBJC_IMPLICIT_RETAIN_SELF = YES;
				CLANG_WARN_OBJC_LITERAL_CONVERSION = YES;
				CLANG_WARN_OBJC_ROOT_CLASS = YES_ERROR;
				CLANG_WARN_RANGE_LOOP_ANALYSIS = YES;
				CLANG_WARN_STRICT_PROTOTYPES = YES;
				CLANG_WARN_SUSPICIOUS_MOVE = YES;
				CLANG_WARN_UNGUARDED_AVAILABILITY = YES_AGGRESSIVE;
				CLANG_WARN_UNREACHABLE_CODE = YES;
				CLANG_WARN__DUPLICATE_METHOD_MATCH = YES;
				CODE_SIGN_IDENTITY = "iPhone Developer";
				COPY_PHASE_STRIP = NO;
				DEBUG_INFORMATION_FORMAT = "dwarf-with-dsym";
				ENABLE_NS_ASSERTIONS = NO;
				ENABLE_STRICT_OBJC_MSGSEND = YES;
				GCC_C_LANGUAGE_STANDARD = gnu11;
				GCC_NO_COMMON_BLOCKS = YES;
				GCC_WARN_64_TO_32_BIT_CONVERSION = YES;
				GCC_WARN_ABOUT_RETURN_TYPE = YES_ERROR;
				GCC_WARN_UNDECLARED_SELECTOR = YES;
				GCC_WARN_UNINITIALIZED_AUTOS = YES_AGGRESSIVE;
				GCC_WARN_UNUSED_FUNCTION = YES;
				GCC_WARN_UNUSED_VARIABLE = YES;
				IPHONEOS_DEPLOYMENT_TARGET = 12.1;
				MTL_ENABLE_DEBUG_INFO = NO;
				MTL_FAST_MATH = YES;
				SDKROOT = iphoneos;
				SWIFT_COMPILATION_MODE = wholemodule;
				SWIFT_OPTIMIZATION_LEVEL = "-O";
				VALIDATE_PRODUCT = YES;
			};
			name = Release;
		};
		D5445BD321BEE16500EDA9C3 /* Debug */ = {
			isa = XCBuildConfiguration;
			buildSettings = {
				ASSETCATALOG_COMPILER_APPICON_NAME = AppIcon;
				CODE_SIGN_STYLE = Automatic;
				DEVELOPMENT_TEAM = DQ5CF8LT37;
				INFOPLIST_FILE = "UFC-Fighter-Practice/Info.plist";
				LD_RUNPATH_SEARCH_PATHS = (
					"$(inherited)",
					"@executable_path/Frameworks",
				);
				PRODUCT_BUNDLE_IDENTIFIER = "Testing.UFC-Fighter-Practice";
				PRODUCT_NAME = "$(TARGET_NAME)";
				SWIFT_VERSION = 4.2;
				TARGETED_DEVICE_FAMILY = "1,2";
			};
			name = Debug;
		};
		D5445BD421BEE16500EDA9C3 /* Release */ = {
			isa = XCBuildConfiguration;
			buildSettings = {
				ASSETCATALOG_COMPILER_APPICON_NAME = AppIcon;
				CODE_SIGN_STYLE = Automatic;
				DEVELOPMENT_TEAM = DQ5CF8LT37;
				INFOPLIST_FILE = "UFC-Fighter-Practice/Info.plist";
				LD_RUNPATH_SEARCH_PATHS = (
					"$(inherited)",
					"@executable_path/Frameworks",
				);
				PRODUCT_BUNDLE_IDENTIFIER = "Testing.UFC-Fighter-Practice";
				PRODUCT_NAME = "$(TARGET_NAME)";
				SWIFT_VERSION = 4.2;
				TARGETED_DEVICE_FAMILY = "1,2";
			};
			name = Release;
		};
/* End XCBuildConfiguration section */

/* Begin XCConfigurationList section */
		D5445BBB21BEE16300EDA9C3 /* Build configuration list for PBXProject "UFC-Fighter-Practice" */ = {
			isa = XCConfigurationList;
			buildConfigurations = (
				D5445BD021BEE16500EDA9C3 /* Debug */,
				D5445BD121BEE16500EDA9C3 /* Release */,
			);
			defaultConfigurationIsVisible = 0;
			defaultConfigurationName = Release;
		};
		D5445BD221BEE16500EDA9C3 /* Build configuration list for PBXNativeTarget "UFC-Fighter-Practice" */ = {
			isa = XCConfigurationList;
			buildConfigurations = (
				D5445BD321BEE16500EDA9C3 /* Debug */,
				D5445BD421BEE16500EDA9C3 /* Release */,
			);
			defaultConfigurationIsVisible = 0;
			defaultConfigurationName = Release;
		};
/* End XCConfigurationList section */
	};
	rootObject = D5445BB821BEE16300EDA9C3 /* Project object */;
}
